{
  "version": 4,
  "terraform_version": "1.12.1",
  "serial": 9,
  "lineage": "30278df4-9409-ddf5-50af-b3e33c2f9703",
  "outputs": {},
  "resources": [
    {
      "mode": "managed",
      "type": "aws_internet_gateway",
      "name": "minecraft_igw",
      "provider": "provider[\"registry.terraform.io/hashicorp/aws\"]",
      "instances": [
        {
          "schema_version": 0,
          "attributes": {
            "arn": "arn:aws:ec2:us-west-2:145709511312:internet-gateway/igw-0a7c4cd59f95fd36f",
            "id": "igw-0a7c4cd59f95fd36f",
            "owner_id": "145709511312",
            "tags": {
              "Name": "Minecraft-IGW"
            },
            "tags_all": {
              "Name": "Minecraft-IGW"
            },
            "timeouts": null,
            "vpc_id": "vpc-0d6de4fe034baf4b8"
          },
          "sensitive_attributes": [],
          "identity_schema_version": 0,
          "private": "eyJlMmJmYjczMC1lY2FhLTExZTYtOGY4OC0zNDM2M2JjN2M0YzAiOnsiY3JlYXRlIjoxMjAwMDAwMDAwMDAwLCJkZWxldGUiOjEyMDAwMDAwMDAwMDAsInVwZGF0ZSI6MTIwMDAwMDAwMDAwMH19",
          "dependencies": [
            "aws_vpc.minecraft_vpc"
          ]
        }
      ]
    },
    {
      "mode": "managed",
      "type": "aws_key_pair",
      "name": "minecraft_key",
      "provider": "provider[\"registry.terraform.io/hashicorp/aws\"]",
      "instances": [
        {
          "schema_version": 1,
          "attributes": {
            "arn": "arn:aws:ec2:us-west-2:145709511312:key-pair/minecraft-automation-key",
            "fingerprint": "c8:5c:e7:92:4f:08:51:22:f1:2b:4b:0e:62:6c:25:5f",
            "id": "minecraft-automation-key",
            "key_name": "minecraft-automation-key",
            "key_name_prefix": "",
            "key_pair_id": "key-04e1cd4de6c2f09e5",
            "key_type": "rsa",
            "public_key": "ssh-rsa AAAAB3NzaC1yc2EAAAADAQABAAACAQC6Ua8bp0ASNQ1P3yin/Po+kq/bLvi3rjIXvtdJoixP9wL2GMSgRqdzzEmUpgDHnBOFvXtRR+lFvqAzSgJ2zyYx5ypOIsPWLf3uX1DqEZtyaFFf90u1AtlcneeNyzbi7m0fH+mHzBnhIMXpA8acRiZ4Ttykcu4vWJp9kFrFhfgOpgs07zaNRyGcdC0cGCiwb6O/EYLlY1QjSWP/qs6Vu/DYrjEZmabFu3O8lz61O2Z6G7Jjw21MxZ3y0q28JTOw6RaFcOIVwNX0k+6XQeuVzJLl7HDf/MszMOnChZHYdVQ+4uvAX7On8F6sAnHfk4rkQMdaQRqtS6yU9Pr29JlPRBYMRAxQ2m1OMV+u+w/12P4VeI2o82Z/AW9JtAYtyiUoegcVX1PSHdDZPJnY+V3GubzBdUra8NZzwJQ5e6c6SIj+TncndTnrRZLij5RdJHBYMpMEvxv/9Rair6/Q6RLcokfR6To5gplC26pfwQuM9OKh9vmUs+RGKtc/z3gonU414kWMhwKU/Nu3d674Q1dqiDX6G/wAlfYsbWFCbfDx7yei70ib+lTy2goae9jn0dOX61IYqNlVvp/Nh12pUa1HjDL0VBQdSl238KKL86h0EszoPWAQaQnq2a5NQASjGrLVlBgtCGEmYy1YNwXbtO80q5jjKVvNL15j0aNDto4ylI26RQ== dylanugi@Manatee",
            "tags": null,
            "tags_all": {}
          },
          "sensitive_attributes": [],
          "identity_schema_version": 0,
          "private": "eyJzY2hlbWFfdmVyc2lvbiI6IjEifQ=="
        }
      ]
    },
    {
      "mode": "managed",
      "type": "aws_route_table",
      "name": "minecraft_rt",
      "provider": "provider[\"registry.terraform.io/hashicorp/aws\"]",
      "instances": [
        {
          "schema_version": 0,
          "attributes": {
            "arn": "arn:aws:ec2:us-west-2:145709511312:route-table/rtb-066f664cfd4976383",
            "id": "rtb-066f664cfd4976383",
            "owner_id": "145709511312",
            "propagating_vgws": [],
            "route": [
              {
                "carrier_gateway_id": "",
                "cidr_block": "0.0.0.0/0",
                "core_network_arn": "",
                "destination_prefix_list_id": "",
                "egress_only_gateway_id": "",
                "gateway_id": "igw-0a7c4cd59f95fd36f",
                "ipv6_cidr_block": "",
                "local_gateway_id": "",
                "nat_gateway_id": "",
                "network_interface_id": "",
                "transit_gateway_id": "",
                "vpc_endpoint_id": "",
                "vpc_peering_connection_id": ""
              }
            ],
            "tags": {
              "Name": "MinecraftRTable"
            },
            "tags_all": {
              "Name": "MinecraftRTable"
            },
            "timeouts": null,
            "vpc_id": "vpc-0d6de4fe034baf4b8"
          },
          "sensitive_attributes": [],
          "identity_schema_version": 0,
          "private": "eyJlMmJmYjczMC1lY2FhLTExZTYtOGY4OC0zNDM2M2JjN2M0YzAiOnsiY3JlYXRlIjozMDAwMDAwMDAwMDAsImRlbGV0ZSI6MzAwMDAwMDAwMDAwLCJ1cGRhdGUiOjEyMDAwMDAwMDAwMH19",
          "dependencies": [
            "aws_internet_gateway.minecraft_igw",
            "aws_vpc.minecraft_vpc"
          ]
        }
      ]
    },
    {
      "mode": "managed",
      "type": "aws_route_table_association",
      "name": "a",
      "provider": "provider[\"registry.terraform.io/hashicorp/aws\"]",
      "instances": [
        {
          "schema_version": 0,
          "attributes": {
            "gateway_id": "",
            "id": "rtbassoc-0af46e59c3b4ae310",
            "route_table_id": "rtb-066f664cfd4976383",
            "subnet_id": "subnet-0784ebe1773590fc0",
            "timeouts": null
          },
          "sensitive_attributes": [],
          "identity_schema_version": 0,
          "private": "eyJlMmJmYjczMC1lY2FhLTExZTYtOGY4OC0zNDM2M2JjN2M0YzAiOnsiY3JlYXRlIjozMDAwMDAwMDAwMDAsImRlbGV0ZSI6MzAwMDAwMDAwMDAwLCJ1cGRhdGUiOjEyMDAwMDAwMDAwMH19",
          "dependencies": [
            "aws_internet_gateway.minecraft_igw",
            "aws_route_table.minecraft_rt",
            "aws_subnet.minecraft_subnet",
            "aws_vpc.minecraft_vpc"
          ]
        }
      ]
    },
    {
      "mode": "managed",
      "type": "aws_security_group",
      "name": "minecraft_sg",
      "provider": "provider[\"registry.terraform.io/hashicorp/aws\"]",
      "instances": [
        {
          "schema_version": 1,
          "attributes": {
            "arn": "arn:aws:ec2:us-west-2:145709511312:security-group/sg-078c436becea98297",
            "description": "Managed by Terraform",
            "egress": [
              {
                "cidr_blocks": [
                  "0.0.0.0/0"
                ],
                "description": "",
                "from_port": 0,
                "ipv6_cidr_blocks": [],
                "prefix_list_ids": [],
                "protocol": "-1",
                "security_groups": [],
                "self": false,
                "to_port": 0
              }
            ],
            "id": "sg-078c436becea98297",
            "ingress": [
              {
                "cidr_blocks": [
                  "0.0.0.0/0"
                ],
                "description": "",
                "from_port": 22,
                "ipv6_cidr_blocks": [],
                "prefix_list_ids": [],
                "protocol": "tcp",
                "security_groups": [],
                "self": false,
                "to_port": 22
              },
              {
                "cidr_blocks": [
                  "0.0.0.0/0"
                ],
                "description": "",
                "from_port": 25565,
                "ipv6_cidr_blocks": [],
                "prefix_list_ids": [],
                "protocol": "tcp",
                "security_groups": [],
                "self": false,
                "to_port": 25565
              }
            ],
            "name": "minecraft-server-sg",
            "name_prefix": "",
            "owner_id": "145709511312",
            "revoke_rules_on_delete": false,
            "tags": {
              "Name": "Minecraft-SG"
            },
            "tags_all": {
              "Name": "Minecraft-SG"
            },
            "timeouts": null,
            "vpc_id": "vpc-0d6de4fe034baf4b8"
          },
          "sensitive_attributes": [],
          "identity_schema_version": 0,
          "private": "eyJlMmJmYjczMC1lY2FhLTExZTYtOGY4OC0zNDM2M2JjN2M0YzAiOnsiY3JlYXRlIjo2MDAwMDAwMDAwMDAsImRlbGV0ZSI6OTAwMDAwMDAwMDAwfSwic2NoZW1hX3ZlcnNpb24iOiIxIn0=",
          "dependencies": [
            "aws_vpc.minecraft_vpc"
          ]
        }
      ]
    },
    {
      "mode": "managed",
      "type": "aws_subnet",
      "name": "minecraft_subnet",
      "provider": "provider[\"registry.terraform.io/hashicorp/aws\"]",
      "instances": [
        {
          "schema_version": 1,
          "attributes": {
            "arn": "arn:aws:ec2:us-west-2:145709511312:subnet/subnet-0784ebe1773590fc0",
            "assign_ipv6_address_on_creation": false,
            "availability_zone": "us-west-2a",
            "availability_zone_id": "usw2-az2",
            "cidr_block": "10.0.1.0/24",
            "customer_owned_ipv4_pool": "",
            "enable_dns64": false,
            "enable_lni_at_device_index": 0,
            "enable_resource_name_dns_a_record_on_launch": false,
            "enable_resource_name_dns_aaaa_record_on_launch": false,
            "id": "subnet-0784ebe1773590fc0",
            "ipv6_cidr_block": "",
            "ipv6_cidr_block_association_id": "",
            "ipv6_native": false,
            "map_customer_owned_ip_on_launch": false,
            "map_public_ip_on_launch": true,
            "outpost_arn": "",
            "owner_id": "145709511312",
            "private_dns_hostname_type_on_launch": "ip-name",
            "tags": {
              "Name": "Minecraft-Subnet"
            },
            "tags_all": {
              "Name": "Minecraft-Subnet"
            },
            "timeouts": null,
            "vpc_id": "vpc-0d6de4fe034baf4b8"
          },
          "sensitive_attributes": [],
          "identity_schema_version": 0,
          "private": "eyJlMmJmYjczMC1lY2FhLTExZTYtOGY4OC0zNDM2M2JjN2M0YzAiOnsiY3JlYXRlIjo2MDAwMDAwMDAwMDAsImRlbGV0ZSI6MTIwMDAwMDAwMDAwMH0sInNjaGVtYV92ZXJzaW9uIjoiMSJ9",
          "dependencies": [
            "aws_vpc.minecraft_vpc"
          ]
        }
      ]
    },
    {
      "mode": "managed",
      "type": "aws_vpc",
      "name": "minecraft_vpc",
      "provider": "provider[\"registry.terraform.io/hashicorp/aws\"]",
      "instances": [
        {
          "schema_version": 1,
          "attributes": {
            "arn": "arn:aws:ec2:us-west-2:145709511312:vpc/vpc-0d6de4fe034baf4b8",
            "assign_generated_ipv6_cidr_block": false,
            "cidr_block": "10.0.0.0/16",
            "default_network_acl_id": "acl-01bb05d058fca0b51",
            "default_route_table_id": "rtb-0a3b3d5149872f1ef",
            "default_security_group_id": "sg-0056155ac073e49ef",
            "dhcp_options_id": "dopt-089cda2de103541f4",
            "enable_dns_hostnames": false,
            "enable_dns_support": true,
            "enable_network_address_usage_metrics": false,
            "id": "vpc-0d6de4fe034baf4b8",
            "instance_tenancy": "default",
            "ipv4_ipam_pool_id": null,
            "ipv4_netmask_length": null,
            "ipv6_association_id": "",
            "ipv6_cidr_block": "",
            "ipv6_cidr_block_network_border_group": "",
            "ipv6_ipam_pool_id": "",
            "ipv6_netmask_length": 0,
            "main_route_table_id": "rtb-0a3b3d5149872f1ef",
            "owner_id": "145709511312",
            "tags": {
              "Name": "Minecraft-VPC"
            },
            "tags_all": {
              "Name": "Minecraft-VPC"
            }
          },
          "sensitive_attributes": [],
          "identity_schema_version": 0,
          "private": "eyJzY2hlbWFfdmVyc2lvbiI6IjEifQ=="
        }
      ]
    }
  ],
  "check_results": null
}
