{
  "version": 4,
  "terraform_version": "1.12.1",
  "serial": 12,
  "lineage": "30278df4-9409-ddf5-50af-b3e33c2f9703",
  "outputs": {
    "connect_command": {
      "value": "nmap -sV -Pn -p T:25565 35.87.10.130",
      "type": "string"
    },
    "instance_public_ip": {
      "value": "35.87.10.130",
      "type": "string"
    }
  },
  "resources": [
    {
      "mode": "managed",
      "type": "aws_instance",
      "name": "minecraft_server",
      "provider": "provider[\"registry.terraform.io/hashicorp/aws\"]",
      "instances": [
        {
          "schema_version": 1,
          "attributes": {
            "ami": "ami-05f9478b4deb8d173",
            "arn": "arn:aws:ec2:us-west-2:145709511312:instance/i-03fb42776191b9da1",
            "associate_public_ip_address": true,
            "availability_zone": "us-west-2a",
            "capacity_reservation_specification": [
              {
                "capacity_reservation_preference": "open",
                "capacity_reservation_target": []
              }
            ],
            "cpu_core_count": 1,
            "cpu_options": [
              {
                "amd_sev_snp": "",
                "core_count": 1,
                "threads_per_core": 1
              }
            ],
            "cpu_threads_per_core": 1,
            "credit_specification": [
              {
                "cpu_credits": "standard"
              }
            ],
            "disable_api_stop": false,
            "disable_api_termination": false,
            "ebs_block_device": [],
            "ebs_optimized": false,
            "enable_primary_ipv6": null,
            "enclave_options": [
              {
                "enabled": false
              }
            ],
            "ephemeral_block_device": [],
            "get_password_data": false,
            "hibernation": false,
            "host_id": "",
            "host_resource_group_arn": null,
            "iam_instance_profile": "",
            "id": "i-03fb42776191b9da1",
            "instance_initiated_shutdown_behavior": "stop",
            "instance_lifecycle": "",
            "instance_market_options": [],
            "instance_state": "running",
            "instance_type": "t2.micro",
            "ipv6_address_count": 0,
            "ipv6_addresses": [],
            "key_name": "minecraft-automation-key",
            "launch_template": [],
            "maintenance_options": [
              {
                "auto_recovery": "default"
              }
            ],
            "metadata_options": [
              {
                "http_endpoint": "enabled",
                "http_protocol_ipv6": "disabled",
                "http_put_response_hop_limit": 2,
                "http_tokens": "required",
                "instance_metadata_tags": "disabled"
              }
            ],
            "monitoring": false,
            "network_interface": [],
            "outpost_arn": "",
            "password_data": "",
            "placement_group": "",
            "placement_partition_number": 0,
            "primary_network_interface_id": "eni-07b8e75e655320a40",
            "private_dns": "ip-10-0-1-224.us-west-2.compute.internal",
            "private_dns_name_options": [
              {
                "enable_resource_name_dns_a_record": false,
                "enable_resource_name_dns_aaaa_record": false,
                "hostname_type": "ip-name"
              }
            ],
            "private_ip": "10.0.1.224",
            "public_dns": "",
            "public_ip": "35.87.10.130",
            "root_block_device": [
              {
                "delete_on_termination": true,
                "device_name": "/dev/xvda",
                "encrypted": false,
                "iops": 3000,
                "kms_key_id": "",
                "tags": {},
                "tags_all": {},
                "throughput": 125,
                "volume_id": "vol-0035dda11b8f9523a",
                "volume_size": 8,
                "volume_type": "gp3"
              }
            ],
            "secondary_private_ips": [],
            "security_groups": [],
            "source_dest_check": true,
            "spot_instance_request_id": "",
            "subnet_id": "subnet-0784ebe1773590fc0",
            "tags": {
              "Name": "Minecraft-Server-Instance"
            },
            "tags_all": {
              "Name": "Minecraft-Server-Instance"
            },
            "tenancy": "default",
            "timeouts": null,
            "user_data": null,
            "user_data_base64": null,
            "user_data_replace_on_change": false,
            "volume_tags": null,
            "vpc_security_group_ids": [
              "sg-078c436becea98297"
            ]
          },
          "sensitive_attributes": [],
          "identity_schema_version": 0,
          "private": "eyJlMmJmYjczMC1lY2FhLTExZTYtOGY4OC0zNDM2M2JjN2M0YzAiOnsiY3JlYXRlIjo2MDAwMDAwMDAwMDAsImRlbGV0ZSI6MTIwMDAwMDAwMDAwMCwicmVhZCI6OTAwMDAwMDAwMDAwLCJ1cGRhdGUiOjYwMDAwMDAwMDAwMH0sInNjaGVtYV92ZXJzaW9uIjoiMSJ9",
          "dependencies": [
            "aws_key_pair.minecraft_key",
            "aws_security_group.minecraft_sg",
            "aws_subnet.minecraft_subnet",
            "aws_vpc.minecraft_vpc"
          ]
        }
      ]
    },
    {
      "mode": "managed",
      "type": "aws_internet_gateway",
      "name": "minecraft_igw",
      "provider": "provider[\"registry.terraform.io/hashicorp/aws\"]",
      "instances": [
        {
          "schema_version": 0,
          "attributes": {
            "arn": "arn:aws:ec2:us-west-2:145709511312:internet-gateway/igw-0a7c4cd59f95fd36f",
            "id": "igw-0a7c4cd59f95fd36f",
            "owner_id": "145709511312",
            "tags": {
              "Name": "Minecraft-IGW"
            },
            "tags_all": {
              "Name": "Minecraft-IGW"
            },
            "timeouts": null,
            "vpc_id": "vpc-0d6de4fe034baf4b8"
          },
          "sensitive_attributes": [],
          "identity_schema_version": 0,
          "private": "eyJlMmJmYjczMC1lY2FhLTExZTYtOGY4OC0zNDM2M2JjN2M0YzAiOnsiY3JlYXRlIjoxMjAwMDAwMDAwMDAwLCJkZWxldGUiOjEyMDAwMDAwMDAwMDAsInVwZGF0ZSI6MTIwMDAwMDAwMDAwMH19",
          "dependencies": [
            "aws_vpc.minecraft_vpc"
          ]
        }
      ]
    },
    {
      "mode": "managed",
      "type": "aws_key_pair",
      "name": "minecraft_key",
      "provider": "provider[\"registry.terraform.io/hashicorp/aws\"]",
      "instances": [
        {
          "schema_version": 1,
          "attributes": {
            "arn": "arn:aws:ec2:us-west-2:145709511312:key-pair/minecraft-automation-key",
            "fingerprint": "c8:5c:e7:92:4f:08:51:22:f1:2b:4b:0e:62:6c:25:5f",
            "id": "minecraft-automation-key",
            "key_name": "minecraft-automation-key",
            "key_name_prefix": "",
            "key_pair_id": "key-04e1cd4de6c2f09e5",
            "key_type": "rsa",
            "public_key": "ssh-rsa AAAAB3NzaC1yc2EAAAADAQABAAACAQC6Ua8bp0ASNQ1P3yin/Po+kq/bLvi3rjIXvtdJoixP9wL2GMSgRqdzzEmUpgDHnBOFvXtRR+lFvqAzSgJ2zyYx5ypOIsPWLf3uX1DqEZtyaFFf90u1AtlcneeNyzbi7m0fH+mHzBnhIMXpA8acRiZ4Ttykcu4vWJp9kFrFhfgOpgs07zaNRyGcdC0cGCiwb6O/EYLlY1QjSWP/qs6Vu/DYrjEZmabFu3O8lz61O2Z6G7Jjw21MxZ3y0q28JTOw6RaFcOIVwNX0k+6XQeuVzJLl7HDf/MszMOnChZHYdVQ+4uvAX7On8F6sAnHfk4rkQMdaQRqtS6yU9Pr29JlPRBYMRAxQ2m1OMV+u+w/12P4VeI2o82Z/AW9JtAYtyiUoegcVX1PSHdDZPJnY+V3GubzBdUra8NZzwJQ5e6c6SIj+TncndTnrRZLij5RdJHBYMpMEvxv/9Rair6/Q6RLcokfR6To5gplC26pfwQuM9OKh9vmUs+RGKtc/z3gonU414kWMhwKU/Nu3d674Q1dqiDX6G/wAlfYsbWFCbfDx7yei70ib+lTy2goae9jn0dOX61IYqNlVvp/Nh12pUa1HjDL0VBQdSl238KKL86h0EszoPWAQaQnq2a5NQASjGrLVlBgtCGEmYy1YNwXbtO80q5jjKVvNL15j0aNDto4ylI26RQ== dylanugi@Manatee",
            "tags": {},
            "tags_all": {}
          },
          "sensitive_attributes": [],
          "identity_schema_version": 0,
          "private": "eyJzY2hlbWFfdmVyc2lvbiI6IjEifQ=="
        }
      ]
    },
    {
      "mode": "managed",
      "type": "aws_route_table",
      "name": "minecraft_rt",
      "provider": "provider[\"registry.terraform.io/hashicorp/aws\"]",
      "instances": [
        {
          "schema_version": 0,
          "attributes": {
            "arn": "arn:aws:ec2:us-west-2:145709511312:route-table/rtb-066f664cfd4976383",
            "id": "rtb-066f664cfd4976383",
            "owner_id": "145709511312",
            "propagating_vgws": [],
            "route": [
              {
                "carrier_gateway_id": "",
                "cidr_block": "0.0.0.0/0",
                "core_network_arn": "",
                "destination_prefix_list_id": "",
                "egress_only_gateway_id": "",
                "gateway_id": "igw-0a7c4cd59f95fd36f",
                "ipv6_cidr_block": "",
                "local_gateway_id": "",
                "nat_gateway_id": "",
                "network_interface_id": "",
                "transit_gateway_id": "",
                "vpc_endpoint_id": "",
                "vpc_peering_connection_id": ""
              }
            ],
            "tags": {
              "Name": "MinecraftRTable"
            },
            "tags_all": {
              "Name": "MinecraftRTable"
            },
            "timeouts": null,
            "vpc_id": "vpc-0d6de4fe034baf4b8"
          },
          "sensitive_attributes": [],
          "identity_schema_version": 0,
          "private": "eyJlMmJmYjczMC1lY2FhLTExZTYtOGY4OC0zNDM2M2JjN2M0YzAiOnsiY3JlYXRlIjozMDAwMDAwMDAwMDAsImRlbGV0ZSI6MzAwMDAwMDAwMDAwLCJ1cGRhdGUiOjEyMDAwMDAwMDAwMH19",
          "dependencies": [
            "aws_internet_gateway.minecraft_igw",
            "aws_vpc.minecraft_vpc"
          ]
        }
      ]
    },
    {
      "mode": "managed",
      "type": "aws_route_table_association",
      "name": "a",
      "provider": "provider[\"registry.terraform.io/hashicorp/aws\"]",
      "instances": [
        {
          "schema_version": 0,
          "attributes": {
            "gateway_id": "",
            "id": "rtbassoc-0af46e59c3b4ae310",
            "route_table_id": "rtb-066f664cfd4976383",
            "subnet_id": "subnet-0784ebe1773590fc0",
            "timeouts": null
          },
          "sensitive_attributes": [],
          "identity_schema_version": 0,
          "private": "eyJlMmJmYjczMC1lY2FhLTExZTYtOGY4OC0zNDM2M2JjN2M0YzAiOnsiY3JlYXRlIjozMDAwMDAwMDAwMDAsImRlbGV0ZSI6MzAwMDAwMDAwMDAwLCJ1cGRhdGUiOjEyMDAwMDAwMDAwMH19",
          "dependencies": [
            "aws_internet_gateway.minecraft_igw",
            "aws_route_table.minecraft_rt",
            "aws_subnet.minecraft_subnet",
            "aws_vpc.minecraft_vpc"
          ]
        }
      ]
    },
    {
      "mode": "managed",
      "type": "aws_security_group",
      "name": "minecraft_sg",
      "provider": "provider[\"registry.terraform.io/hashicorp/aws\"]",
      "instances": [
        {
          "schema_version": 1,
          "attributes": {
            "arn": "arn:aws:ec2:us-west-2:145709511312:security-group/sg-078c436becea98297",
            "description": "Managed by Terraform",
            "egress": [
              {
                "cidr_blocks": [
                  "0.0.0.0/0"
                ],
                "description": "",
                "from_port": 0,
                "ipv6_cidr_blocks": [],
                "prefix_list_ids": [],
                "protocol": "-1",
                "security_groups": [],
                "self": false,
                "to_port": 0
              }
            ],
            "id": "sg-078c436becea98297",
            "ingress": [
              {
                "cidr_blocks": [
                  "0.0.0.0/0"
                ],
                "description": "",
                "from_port": 22,
                "ipv6_cidr_blocks": [],
                "prefix_list_ids": [],
                "protocol": "tcp",
                "security_groups": [],
                "self": false,
                "to_port": 22
              },
              {
                "cidr_blocks": [
                  "0.0.0.0/0"
                ],
                "description": "",
                "from_port": 25565,
                "ipv6_cidr_blocks": [],
                "prefix_list_ids": [],
                "protocol": "tcp",
                "security_groups": [],
                "self": false,
                "to_port": 25565
              }
            ],
            "name": "minecraft-server-sg",
            "name_prefix": "",
            "owner_id": "145709511312",
            "revoke_rules_on_delete": false,
            "tags": {
              "Name": "Minecraft-SG"
            },
            "tags_all": {
              "Name": "Minecraft-SG"
            },
            "timeouts": null,
            "vpc_id": "vpc-0d6de4fe034baf4b8"
          },
          "sensitive_attributes": [],
          "identity_schema_version": 0,
          "private": "eyJlMmJmYjczMC1lY2FhLTExZTYtOGY4OC0zNDM2M2JjN2M0YzAiOnsiY3JlYXRlIjo2MDAwMDAwMDAwMDAsImRlbGV0ZSI6OTAwMDAwMDAwMDAwfSwic2NoZW1hX3ZlcnNpb24iOiIxIn0=",
          "dependencies": [
            "aws_vpc.minecraft_vpc"
          ]
        }
      ]
    },
    {
      "mode": "managed",
      "type": "aws_subnet",
      "name": "minecraft_subnet",
      "provider": "provider[\"registry.terraform.io/hashicorp/aws\"]",
      "instances": [
        {
          "schema_version": 1,
          "attributes": {
            "arn": "arn:aws:ec2:us-west-2:145709511312:subnet/subnet-0784ebe1773590fc0",
            "assign_ipv6_address_on_creation": false,
            "availability_zone": "us-west-2a",
            "availability_zone_id": "usw2-az2",
            "cidr_block": "10.0.1.0/24",
            "customer_owned_ipv4_pool": "",
            "enable_dns64": false,
            "enable_lni_at_device_index": 0,
            "enable_resource_name_dns_a_record_on_launch": false,
            "enable_resource_name_dns_aaaa_record_on_launch": false,
            "id": "subnet-0784ebe1773590fc0",
            "ipv6_cidr_block": "",
            "ipv6_cidr_block_association_id": "",
            "ipv6_native": false,
            "map_customer_owned_ip_on_launch": false,
            "map_public_ip_on_launch": true,
            "outpost_arn": "",
            "owner_id": "145709511312",
            "private_dns_hostname_type_on_launch": "ip-name",
            "tags": {
              "Name": "Minecraft-Subnet"
            },
            "tags_all": {
              "Name": "Minecraft-Subnet"
            },
            "timeouts": null,
            "vpc_id": "vpc-0d6de4fe034baf4b8"
          },
          "sensitive_attributes": [],
          "identity_schema_version": 0,
          "private": "eyJlMmJmYjczMC1lY2FhLTExZTYtOGY4OC0zNDM2M2JjN2M0YzAiOnsiY3JlYXRlIjo2MDAwMDAwMDAwMDAsImRlbGV0ZSI6MTIwMDAwMDAwMDAwMH0sInNjaGVtYV92ZXJzaW9uIjoiMSJ9",
          "dependencies": [
            "aws_vpc.minecraft_vpc"
          ]
        }
      ]
    },
    {
      "mode": "managed",
      "type": "aws_vpc",
      "name": "minecraft_vpc",
      "provider": "provider[\"registry.terraform.io/hashicorp/aws\"]",
      "instances": [
        {
          "schema_version": 1,
          "attributes": {
            "arn": "arn:aws:ec2:us-west-2:145709511312:vpc/vpc-0d6de4fe034baf4b8",
            "assign_generated_ipv6_cidr_block": false,
            "cidr_block": "10.0.0.0/16",
            "default_network_acl_id": "acl-01bb05d058fca0b51",
            "default_route_table_id": "rtb-0a3b3d5149872f1ef",
            "default_security_group_id": "sg-0056155ac073e49ef",
            "dhcp_options_id": "dopt-089cda2de103541f4",
            "enable_dns_hostnames": false,
            "enable_dns_support": true,
            "enable_network_address_usage_metrics": false,
            "id": "vpc-0d6de4fe034baf4b8",
            "instance_tenancy": "default",
            "ipv4_ipam_pool_id": null,
            "ipv4_netmask_length": null,
            "ipv6_association_id": "",
            "ipv6_cidr_block": "",
            "ipv6_cidr_block_network_border_group": "",
            "ipv6_ipam_pool_id": "",
            "ipv6_netmask_length": 0,
            "main_route_table_id": "rtb-0a3b3d5149872f1ef",
            "owner_id": "145709511312",
            "tags": {
              "Name": "Minecraft-VPC"
            },
            "tags_all": {
              "Name": "Minecraft-VPC"
            }
          },
          "sensitive_attributes": [],
          "identity_schema_version": 0,
          "private": "eyJzY2hlbWFfdmVyc2lvbiI6IjEifQ=="
        }
      ]
    },
    {
      "mode": "managed",
      "type": "local_file",
      "name": "ansible_inventory",
      "provider": "provider[\"registry.terraform.io/hashicorp/local\"]",
      "instances": [
        {
          "schema_version": 0,
          "attributes": {
            "content": "[minecraft]\n35.87.10.130\n\n[minecraft:vars]\nansible_user=ec2-user\nansible_ssh_private_key_file=~/.ssh/minecraft_rsa\n",
            "content_base64": null,
            "content_base64sha256": "3tMqG+aS6eeBjO4XJtshKPYPic50TqoHWacikqIFm3o=",
            "content_base64sha512": "xvyjO86eBlurgwZ7EIxJnW0B9D7BOVfWHWjUZ8ZMQYQHe11iaR9ewZpvqdsHpzg3sBMzUZVT8lvYI6B3ma3CLg==",
            "content_md5": "b80314f5a10c1ce6a444fbf09240a92b",
            "content_sha1": "04a1f7ee382936b782378b8133ac780ca1aa013b",
            "content_sha256": "ded32a1be692e9e7818cee1726db2128f60f89ce744eaa0759a72292a2059b7a",
            "content_sha512": "c6fca33bce9e065bab83067b108c499d6d01f43ec13957d61d68d467c64c4184077b5d62691f5ec19a6fa9db07a73837b01333519553f25bd823a07799adc22e",
            "directory_permission": "0777",
            "file_permission": "0777",
            "filename": "../ansible/inventory.ini",
            "id": "04a1f7ee382936b782378b8133ac780ca1aa013b",
            "sensitive_content": null,
            "source": null
          },
          "sensitive_attributes": [
            [
              {
                "type": "get_attr",
                "value": "sensitive_content"
              }
            ]
          ],
          "identity_schema_version": 0,
          "dependencies": [
            "aws_instance.minecraft_server",
            "aws_key_pair.minecraft_key",
            "aws_security_group.minecraft_sg",
            "aws_subnet.minecraft_subnet",
            "aws_vpc.minecraft_vpc"
          ]
        }
      ]
    }
  ],
  "check_results": null
}
